
Microsoft Visual Studio Solution File, Format Version 12.00
# Visual Studio Version 17
VisualStudioVersion = 17.2.32519.379
MinimumVisualStudioVersion = 10.0.40219.1
Project("{FAE04EC0-301F-11D3-BF4B-00C04F79EFBC}") = "RJW_BGS", "RJW_BGS.csproj", "{357A0848-8709-46AB-BD98-49FD8FD5DD13}"
EndProject
Global
	GlobalSection(SolutionConfigurationPlatforms) = preSolution
		Debug|Any CPU = Debug|Any CPU
		Release|Any CPU = Release|Any CPU
	EndGlobalSection
	GlobalSection(ProjectConfigurationPlatforms) = postSolution
		{357A0848-8709-46AB-BD98-49FD8FD5DD13}.Debug|Any CPU.ActiveCfg = Debug|Any CPU
		{357A0848-8709-46AB-BD98-49FD8FD5DD13}.Debug|Any CPU.Build.0 = Debug|Any CPU
		{357A0848-8709-46AB-BD98-49FD8FD5DD13}.Release|Any CPU.ActiveCfg = Release|Any CPU
		{357A0848-8709-46AB-BD98-49FD8FD5DD13}.Release|Any CPU.Build.0 = Release|Any CPU
	EndGlobalSection
	GlobalSection(SolutionProperties) = preSolution
		HideSolutionNode = FALSE
	EndGlobalSection
	GlobalSection(ExtensibilityGlobals) = postSolution
		SolutionGuid = {BAF54302-9171-409B-BCFA-9817A3BF9A66}
	EndGlobalSection
EndGlobal
